// !$*UTF8*$!
{
	archiveVersion = 1;
	classes = {
	};
	objectVersion = 46;
	objects = {

/* Begin PBXBuildFile section */
		D67491161D2C683D00D9255A /* AppDelegate.swift in Sources */ = {isa = PBXBuildFile; fileRef = D67491151D2C683D00D9255A /* AppDelegate.swift */; };
		D67491181D2C683D00D9255A /* ViewController.swift in Sources */ = {isa = PBXBuildFile; fileRef = D67491171D2C683D00D9255A /* ViewController.swift */; };
		D674911B1D2C683D00D9255A /* Main.storyboard in Resources */ = {isa = PBXBuildFile; fileRef = D67491191D2C683D00D9255A /* Main.storyboard */; };
		D674911D1D2C683D00D9255A /* Assets.xcassets in Resources */ = {isa = PBXBuildFile; fileRef = D674911C1D2C683D00D9255A /* Assets.xcassets */; };
		D67491201D2C683D00D9255A /* LaunchScreen.storyboard in Resources */ = {isa = PBXBuildFile; fileRef = D674911E1D2C683D00D9255A /* LaunchScreen.storyboard */; };
		D674912B1D2C683D00D9255A /* AlcolatorTests.swift in Sources */ = {isa = PBXBuildFile; fileRef = D674912A1D2C683D00D9255A /* AlcolatorTests.swift */; };
		D67491361D2C683D00D9255A /* AlcolatorUITests.swift in Sources */ = {isa = PBXBuildFile; fileRef = D67491351D2C683D00D9255A /* AlcolatorUITests.swift */; };
/* End PBXBuildFile section */

/* Begin PBXContainerItemProxy section */
		D67491271D2C683D00D9255A /* PBXContainerItemProxy */ = {
			isa = PBXContainerItemProxy;
			containerPortal = D674910A1D2C683D00D9255A /* Project object */;
			proxyType = 1;
			remoteGlobalIDString = D67491111D2C683D00D9255A;
			remoteInfo = Alcolator;
		};
		D67491321D2C683D00D9255A /* PBXContainerItemProxy */ = {
			isa = PBXContainerItemProxy;
			containerPortal = D674910A1D2C683D00D9255A /* Project object */;
			proxyType = 1;
			remoteGlobalIDString = D67491111D2C683D00D9255A;
			remoteInfo = Alcolator;
		};
/* End PBXContainerItemProxy section */

/* Begin PBXFileReference section */
		D67491121D2C683D00D9255A /* Alcolator.app */ = {isa = PBXFileReference; explicitFileType = wrapper.application; includeInIndex = 0; path = Alcolator.app; sourceTree = BUILT_PRODUCTS_DIR; };
		D67491151D2C683D00D9255A /* AppDelegate.swift */ = {isa = PBXFileReference; lastKnownFileType = sourcecode.swift; path = AppDelegate.swift; sourceTree = "<group>"; };
		D67491171D2C683D00D9255A /* ViewController.swift */ = {isa = PBXFileReference; lastKnownFileType = sourcecode.swift; path = ViewController.swift; sourceTree = "<group>"; };
		D674911A1D2C683D00D9255A /* Base */ = {isa = PBXFileReference; lastKnownFileType = file.storyboard; name = Base; path = Base.lproj/Main.storyboard; sourceTree = "<group>"; };
		D674911C1D2C683D00D9255A /* Assets.xcassets */ = {isa = PBXFileReference; lastKnownFileType = folder.assetcatalog; path = Assets.xcassets; sourceTree = "<group>"; };
		D674911F1D2C683D00D9255A /* Base */ = {isa = PBXFileReference; lastKnownFileType = file.storyboard; name = Base; path = Base.lproj/LaunchScreen.storyboard; sourceTree = "<group>"; };
		D67491211D2C683D00D9255A /* Info.plist */ = {isa = PBXFileReference; lastKnownFileType = text.plist.xml; path = Info.plist; sourceTree = "<group>"; };
		D67491261D2C683D00D9255A /* AlcolatorTests.xctest */ = {isa = PBXFileReference; explicitFileType = wrapper.cfbundle; includeInIndex = 0; path = AlcolatorTests.xctest; sourceTree = BUILT_PRODUCTS_DIR; };
		D674912A1D2C683D00D9255A /* AlcolatorTests.swift */ = {isa = PBXFileReference; lastKnownFileType = sourcecode.swift; path = AlcolatorTests.swift; sourceTree = "<group>"; };
		D674912C1D2C683D00D9255A /* Info.plist */ = {isa = PBXFileReference; lastKnownFileType = text.plist.xml; path = Info.plist; sourceTree = "<group>"; };
		D67491311D2C683D00D9255A /* AlcolatorUITests.xctest */ = {isa = PBXFileReference; explicitFileType = wrapper.cfbundle; includeInIndex = 0; path = AlcolatorUITests.xctest; sourceTree = BUILT_PRODUCTS_DIR; };
		D67491351D2C683D00D9255A /* AlcolatorUITests.swift */ = {isa = PBXFileReference; lastKnownFileType = sourcecode.swift; path = AlcolatorUITests.swift; sourceTree = "<group>"; };
		D67491371D2C683D00D9255A /* Info.plist */ = {isa = PBXFileReference; lastKnownFileType = text.plist.xml; path = Info.plist; sourceTree = "<group>"; };
/* End PBXFileReference section */

/* Begin PBXFrameworksBuildPhase section */
		D674910F1D2C683D00D9255A /* Frameworks */ = {
			isa = PBXFrameworksBuildPhase;
			buildActionMask = 2147483647;
			files = (
			);
			runOnlyForDeploymentPostprocessing = 0;
		};
		D67491231D2C683D00D9255A /* Frameworks */ = {
			isa = PBXFrameworksBuildPhase;
			buildActionMask = 2147483647;
			files = (
			);
			runOnlyForDeploymentPostprocessing = 0;
		};
		D674912E1D2C683D00D9255A /* Frameworks */ = {
			isa = PBXFrameworksBuildPhase;
			buildActionMask = 2147483647;
			files = (
			);
			runOnlyForDeploymentPostprocessing = 0;
		};
/* End PBXFrameworksBuildPhase section */

/* Begin PBXGroup section */
		D67491091D2C683D00D9255A = {
			isa = PBXGroup;
			children = (
				D67491141D2C683D00D9255A /* Alcolator */,
				D67491291D2C683D00D9255A /* AlcolatorTests */,
				D67491341D2C683D00D9255A /* AlcolatorUITests */,
				D67491131D2C683D00D9255A /* Products */,
			);
			sourceTree = "<group>";
		};
		D67491131D2C683D00D9255A /* Products */ = {
			isa = PBXGroup;
			children = (
				D67491121D2C683D00D9255A /* Alcolator.app */,
				D67491261D2C683D00D9255A /* AlcolatorTests.xctest */,
				D67491311D2C683D00D9255A /* AlcolatorUITests.xctest */,
			);
			name = Products;
			sourceTree = "<group>";
		};
		D67491141D2C683D00D9255A /* Alcolator */ = {
			isa = PBXGroup;
			children = (
				D67491151D2C683D00D9255A /* AppDelegate.swift */,
				D67491171D2C683D00D9255A /* ViewController.swift */,
				D67491191D2C683D00D9255A /* Main.storyboard */,
				D674911C1D2C683D00D9255A /* Assets.xcassets */,
				D674911E1D2C683D00D9255A /* LaunchScreen.storyboard */,
				D67491211D2C683D00D9255A /* Info.plist */,
			);
			path = Alcolator;
			sourceTree = "<group>";
		};
		D67491291D2C683D00D9255A /* AlcolatorTests */ = {
			isa = PBXGroup;
			children = (
				D674912A1D2C683D00D9255A /* AlcolatorTests.swift */,
				D674912C1D2C683D00D9255A /* Info.plist */,
			);
			path = AlcolatorTests;
			sourceTree = "<group>";
		};
		D67491341D2C683D00D9255A /* AlcolatorUITests */ = {
			isa = PBXGroup;
			children = (
				D67491351D2C683D00D9255A /* AlcolatorUITests.swift */,
				D67491371D2C683D00D9255A /* Info.plist */,
			);
			path = AlcolatorUITests;
			sourceTree = "<group>";
		};
/* End PBXGroup section */

/* Begin PBXNativeTarget section */
		D67491111D2C683D00D9255A /* Alcolator */ = {
			isa = PBXNativeTarget;
			buildConfigurationList = D674913A1D2C683D00D9255A /* Build configuration list for PBXNativeTarget "Alcolator" */;
			buildPhases = (
				D674910E1D2C683D00D9255A /* Sources */,
				D674910F1D2C683D00D9255A /* Frameworks */,
				D67491101D2C683D00D9255A /* Resources */,
			);
			buildRules = (
			);
			dependencies = (
			);
			name = Alcolator;
			productName = Alcolator;
			productReference = D67491121D2C683D00D9255A /* Alcolator.app */;
			productType = "com.apple.product-type.application";
		};
		D67491251D2C683D00D9255A /* AlcolatorTests */ = {
			isa = PBXNativeTarget;
			buildConfigurationList = D674913D1D2C683D00D9255A /* Build configuration list for PBXNativeTarget "AlcolatorTests" */;
			buildPhases = (
				D67491221D2C683D00D9255A /* Sources */,
				D67491231D2C683D00D9255A /* Frameworks */,
				D67491241D2C683D00D9255A /* Resources */,
			);
			buildRules = (
			);
			dependencies = (
				D67491281D2C683D00D9255A /* PBXTargetDependency */,
			);
			name = AlcolatorTests;
			productName = AlcolatorTests;
			productReference = D67491261D2C683D00D9255A /* AlcolatorTests.xctest */;
			productType = "com.apple.product-type.bundle.unit-test";
		};
		D67491301D2C683D00D9255A /* AlcolatorUITests */ = {
			isa = PBXNativeTarget;
			buildConfigurationList = D67491401D2C683D00D9255A /* Build configuration list for PBXNativeTarget "AlcolatorUITests" */;
			buildPhases = (
				D674912D1D2C683D00D9255A /* Sources */,
				D674912E1D2C683D00D9255A /* Frameworks */,
				D674912F1D2C683D00D9255A /* Resources */,
			);
			buildRules = (
			);
			dependencies = (
				D67491331D2C683D00D9255A /* PBXTargetDependency */,
			);
			name = AlcolatorUITests;
			productName = AlcolatorUITests;
			productReference = D67491311D2C683D00D9255A /* AlcolatorUITests.xctest */;
			productType = "com.apple.product-type.bundle.ui-testing";
		};
/* End PBXNativeTarget section */

/* Begin PBXProject section */
		D674910A1D2C683D00D9255A /* Project object */ = {
			isa = PBXProject;
			attributes = {
				LastSwiftUpdateCheck = 0730;
				LastUpgradeCheck = 0730;
				ORGANIZATIONNAME = Bloc;
				TargetAttributes = {
					D67491111D2C683D00D9255A = {
						CreatedOnToolsVersion = 7.3.1;
					};
					D67491251D2C683D00D9255A = {
						CreatedOnToolsVersion = 7.3.1;
						TestTargetID = D67491111D2C683D00D9255A;
					};
					D67491301D2C683D00D9255A = {
						CreatedOnToolsVersion = 7.3.1;
						TestTargetID = D67491111D2C683D00D9255A;
					};
				};
			};
			buildConfigurationList = D674910D1D2C683D00D9255A /* Build configuration list for PBXProject "Alcolator" */;
			compatibilityVersion = "Xcode 3.2";
			developmentRegion = English;
			hasScannedForEncodings = 0;
			knownRegions = (
				en,
				Base,
			);
			mainGroup = D67491091D2C683D00D9255A;
			productRefGroup = D67491131D2C683D00D9255A /* Products */;
			projectDirPath = "";
			projectRoot = "";
			targets = (
				D67491111D2C683D00D9255A /* Alcolator */,
				D67491251D2C683D00D9255A /* AlcolatorTests */,
				D67491301D2C683D00D9255A /* AlcolatorUITests */,
			);
		};
/* End PBXProject section */

/* Begin PBXResourcesBuildPhase section */
		D67491101D2C683D00D9255A /* Resources */ = {
			isa = PBXResourcesBuildPhase;
			buildActionMask = 2147483647;
			files = (
				D67491201D2C683D00D9255A /* LaunchScreen.storyboard in Resources */,
				D674911D1D2C683D00D9255A /* Assets.xcassets in Resources */,
				D674911B1D2C683D00D9255A /* Main.storyboard in Resources */,
			);
			runOnlyForDeploymentPostprocessing = 0;
		};
		D67491241D2C683D00D9255A /* Resources */ = {
			isa = PBXResourcesBuildPhase;
			buildActionMask = 2147483647;
			files = (
			);
			runOnlyForDeploymentPostprocessing = 0;
		};
		D674912F1D2C683D00D9255A /* Resources */ = {
			isa = PBXResourcesBuildPhase;
			buildActionMask = 2147483647;
			files = (
			);
			runOnlyForDeploymentPostprocessing = 0;
		};
/* End PBXResourcesBuildPhase section */

/* Begin PBXSourcesBuildPhase section */
		D674910E1D2C683D00D9255A /* Sources */ = {
			isa = PBXSourcesBuildPhase;
			buildActionMask = 2147483647;
			files = (
				D67491181D2C683D00D9255A /* ViewController.swift in Sources */,
				D67491161D2C683D00D9255A /* AppDelegate.swift in Sources */,
			);
			runOnlyForDeploymentPostprocessing = 0;
		};
		D67491221D2C683D00D9255A /* Sources */ = {
			isa = PBXSourcesBuildPhase;
			buildActionMask = 2147483647;
			files = (
				D674912B1D2C683D00D9255A /* AlcolatorTests.swift in Sources */,
			);
			runOnlyForDeploymentPostprocessing = 0;
		};
		D674912D1D2C683D00D9255A /* Sources */ = {
			isa = PBXSourcesBuildPhase;
			buildActionMask = 2147483647;
			files = (
				D67491361D2C683D00D9255A /* AlcolatorUITests.swift in Sources */,
			);
			runOnlyForDeploymentPostprocessing = 0;
		};
/* End PBXSourcesBuildPhase section */

/* Begin PBXTargetDependency section */
		D67491281D2C683D00D9255A /* PBXTargetDependency */ = {
			isa = PBXTargetDependency;
			target = D67491111D2C683D00D9255A /* Alcolator */;
			targetProxy = D67491271D2C683D00D9255A /* PBXContainerItemProxy */;
		};
		D67491331D2C683D00D9255A /* PBXTargetDependency */ = {
			isa = PBXTargetDependency;
			target = D67491111D2C683D00D9255A /* Alcolator */;
			targetProxy = D67491321D2C683D00D9255A /* PBXContainerItemProxy */;
		};
/* End PBXTargetDependency section */

/* Begin PBXVariantGroup section */
		D67491191D2C683D00D9255A /* Main.storyboard */ = {
			isa = PBXVariantGroup;
			children = (
				D674911A1D2C683D00D9255A /* Base */,
			);
			name = Main.storyboard;
			sourceTree = "<group>";
		};
		D674911E1D2C683D00D9255A /* LaunchScreen.storyboard */ = {
			isa = PBXVariantGroup;
			children = (
				D674911F1D2C683D00D9255A /* Base */,
			);
			name = LaunchScreen.storyboard;
			sourceTree = "<group>";
		};
/* End PBXVariantGroup section */

/* Begin XCBuildConfiguration section */
		D67491381D2C683D00D9255A /* Debug */ = {
			isa = XCBuildConfiguration;
			buildSettings = {
				ALWAYS_SEARCH_USER_PATHS = NO;
				CLANG_ANALYZER_NONNULL = YES;
				CLANG_CXX_LANGUAGE_STANDARD = "gnu++0x";
				CLANG_CXX_LIBRARY = "libc++";
				CLANG_ENABLE_MODULES = YES;
				CLANG_ENABLE_OBJC_ARC = YES;
				CLANG_WARN_BOOL_CONVERSION = YES;
				CLANG_WARN_CONSTANT_CONVERSION = YES;
				CLANG_WARN_DIRECT_OBJC_ISA_USAGE = YES_ERROR;
				CLANG_WARN_EMPTY_BODY = YES;
				CLANG_WARN_ENUM_CONVERSION = YES;
				CLANG_WARN_INT_CONVERSION = YES;
				CLANG_WARN_OBJC_ROOT_CLASS = YES_ERROR;
				CLANG_WARN_UNREACHABLE_CODE = YES;
				CLANG_WARN__DUPLICATE_METHOD_MATCH = YES;
				"CODE_SIGN_IDENTITY[sdk=iphoneos*]" = "iPhone Developer";
				COPY_PHASE_STRIP = NO;
				DEBUG_INFORMATION_FORMAT = dwarf;
				ENABLE_STRICT_OBJC_MSGSEND = YES;
				ENABLE_TESTABILITY = YES;
				GCC_C_LANGUAGE_STANDARD = gnu99;
				GCC_DYNAMIC_NO_PIC = NO;
				GCC_NO_COMMON_BLOCKS = YES;
				GCC_OPTIMIZATION_LEVEL = 0;
				GCC_PREPROCESSOR_DEFINITIONS = (
					"DEBUG=1",
					"$(inherited)",
				);
				GCC_WARN_64_TO_32_BIT_CONVERSION = YES;
				GCC_WARN_ABOUT_RETURN_TYPE = YES_ERROR;
				GCC_WARN_UNDECLARED_SELECTOR = YES;
				GCC_WARN_UNINITIALIZED_AUTOS = YES_AGGRESSIVE;
				GCC_WARN_UNUSED_FUNCTION = YES;
				GCC_WARN_UNUSED_VARIABLE = YES;
				IPHONEOS_DEPLOYMENT_TARGET = 9.3;
				MTL_ENABLE_DEBUG_INFO = YES;
				ONLY_ACTIVE_ARCH = YES;
				SDKROOT = iphoneos;
				SWIFT_OPTIMIZATION_LEVEL = "-Onone";
				TARGETED_DEVICE_FAMILY = "1,2";
			};
			name = Debug;
		};
		D67491391D2C683D00D9255A /* Release */ = {
			isa = XCBuildConfiguration;
			buildSettings = {
				ALWAYS_SEARCH_USER_PATHS = NO;
				CLANG_ANALYZER_NONNULL = YES;
				CLANG_CXX_LANGUAGE_STANDARD = "gnu++0x";
				CLANG_CXX_LIBRARY = "libc++";
				CLANG_ENABLE_MODULES = YES;
				CLANG_ENABLE_OBJC_ARC = YES;
				CLANG_WARN_BOOL_CONVERSION = YES;
				CLANG_WARN_CONSTANT_CONVERSION = YES;
				CLANG_WARN_DIRECT_OBJC_ISA_USAGE = YES_ERROR;
				CLANG_WARN_EMPTY_BODY = YES;
				CLANG_WARN_ENUM_CONVERSION = YES;
				CLANG_WARN_INT_CONVERSION = YES;
				CLANG_WARN_OBJC_ROOT_CLASS = YES_ERROR;
				CLANG_WARN_UNREACHABLE_CODE = YES;
				CLANG_WARN__DUPLICATE_METHOD_MATCH = YES;
				"CODE_SIGN_IDENTITY[sdk=iphoneos*]" = "iPhone Developer";
				COPY_PHASE_STRIP = NO;
				DEBUG_INFORMATION_FORMAT = "dwarf-with-dsym";
				ENABLE_NS_ASSERTIONS = NO;
				ENABLE_STRICT_OBJC_MSGSEND = YES;
				GCC_C_LANGUAGE_STANDARD = gnu99;
				GCC_NO_COMMON_BLOCKS = YES;
				GCC_WARN_64_TO_32_BIT_CONVERSION = YES;
				GCC_WARN_ABOUT_RETURN_TYPE = YES_ERROR;
				GCC_WARN_UNDECLARED_SELECTOR = YES;
				GCC_WARN_UNINITIALIZED_AUTOS = YES_AGGRESSIVE;
				GCC_WARN_UNUSED_FUNCTION = YES;
				GCC_WARN_UNUSED_VARIABLE = YES;
				IPHONEOS_DEPLOYMENT_TARGET = 9.3;
				MTL_ENABLE_DEBUG_INFO = NO;
				SDKROOT = iphoneos;
				TARGETED_DEVICE_FAMILY = "1,2";
				VALIDATE_PRODUCT = YES;
			};
			name = Release;
		};
		D674913B1D2C683D00D9255A /* Debug */ = {
			isa = XCBuildConfiguration;
			buildSettings = {
				ASSETCATALOG_COMPILER_APPICON_NAME = AppIcon;
				INFOPLIST_FILE = Alcolator/Info.plist;
				LD_RUNPATH_SEARCH_PATHS = "$(inherited) @executable_path/Frameworks";
				PRODUCT_BUNDLE_IDENTIFIER = com.Bloc.Alcolator;
				PRODUCT_NAME = "$(TARGET_NAME)";
			};
			name = Debug;
		};
		D674913C1D2C683D00D9255A /* Release */ = {
			isa = XCBuildConfiguration;
			buildSettings = {
				ASSETCATALOG_COMPILER_APPICON_NAME = AppIcon;
				INFOPLIST_FILE = Alcolator/Info.plist;
				LD_RUNPATH_SEARCH_PATHS = "$(inherited) @executable_path/Frameworks";
				PRODUCT_BUNDLE_IDENTIFIER = com.Bloc.Alcolator;
				PRODUCT_NAME = "$(TARGET_NAME)";
			};
			name = Release;
		};
		D674913E1D2C683D00D9255A /* Debug */ = {
			isa = XCBuildConfiguration;
			buildSettings = {
				BUNDLE_LOADER = "$(TEST_HOST)";
				INFOPLIST_FILE = AlcolatorTests/Info.plist;
				LD_RUNPATH_SEARCH_PATHS = "$(inherited) @executable_path/Frameworks @loader_path/Frameworks";
				PRODUCT_BUNDLE_IDENTIFIER = com.Bloc.AlcolatorTests;
				PRODUCT_NAME = "$(TARGET_NAME)";
				TEST_HOST = "$(BUILT_PRODUCTS_DIR)/Alcolator.app/Alcolator";
			};
			name = Debug;
		};
		D674913F1D2C683D00D9255A /* Release */ = {
			isa = XCBuildConfiguration;
			buildSettings = {
				BUNDLE_LOADER = "$(TEST_HOST)";
				INFOPLIST_FILE = AlcolatorTests/Info.plist;
				LD_RUNPATH_SEARCH_PATHS = "$(inherited) @executable_path/Frameworks @loader_path/Frameworks";
				PRODUCT_BUNDLE_IDENTIFIER = com.Bloc.AlcolatorTests;
				PRODUCT_NAME = "$(TARGET_NAME)";
				TEST_HOST = "$(BUILT_PRODUCTS_DIR)/Alcolator.app/Alcolator";
			};
			name = Release;
		};
		D67491411D2C683D00D9255A /* Debug */ = {
			isa = XCBuildConfiguration;
			buildSettings = {
				INFOPLIST_FILE = AlcolatorUITests/Info.plist;
				LD_RUNPATH_SEARCH_PATHS = "$(inherited) @executable_path/Frameworks @loader_path/Frameworks";
				PRODUCT_BUNDLE_IDENTIFIER = com.Bloc.AlcolatorUITests;
				PRODUCT_NAME = "$(TARGET_NAME)";
				TEST_TARGET_NAME = Alcolator;
			};
			name = Debug;
		};
		D67491421D2C683D00D9255A /* Release */ = {
			isa = XCBuildConfiguration;
			buildSettings = {
				INFOPLIST_FILE = AlcolatorUITests/Info.plist;
				LD_RUNPATH_SEARCH_PATHS = "$(inherited) @executable_path/Frameworks @loader_path/Frameworks";
				PRODUCT_BUNDLE_IDENTIFIER = com.Bloc.AlcolatorUITests;
				PRODUCT_NAME = "$(TARGET_NAME)";
				TEST_TARGET_NAME = Alcolator;
			};
			name = Release;
		};
/* End XCBuildConfiguration section */

/* Begin XCConfigurationList section */
		D674910D1D2C683D00D9255A /* Build configuration list for PBXProject "Alcolator" */ = {
			isa = XCConfigurationList;
			buildConfigurations = (
				D67491381D2C683D00D9255A /* Debug */,
				D67491391D2C683D00D9255A /* Release */,
			);
			defaultConfigurationIsVisible = 0;
			defaultConfigurationName = Release;
		};
		D674913A1D2C683D00D9255A /* Build configuration list for PBXNativeTarget "Alcolator" */ = {
			isa = XCConfigurationList;
			buildConfigurations = (
				D674913B1D2C683D00D9255A /* Debug */,
				D674913C1D2C683D00D9255A /* Release */,
			);
			defaultConfigurationIsVisible = 0;
		};
		D674913D1D2C683D00D9255A /* Build configuration list for PBXNativeTarget "AlcolatorTests" */ = {
			isa = XCConfigurationList;
			buildConfigurations = (
				D674913E1D2C683D00D9255A /* Debug */,
				D674913F1D2C683D00D9255A /* Release */,
			);
			defaultConfigurationIsVisible = 0;
		};
		D67491401D2C683D00D9255A /* Build configuration list for PBXNativeTarget "AlcolatorUITests" */ = {
			isa = XCConfigurationList;
			buildConfigurations = (
				D67491411D2C683D00D9255A /* Debug */,
				D67491421D2C683D00D9255A /* Release */,
			);
			defaultConfigurationIsVisible = 0;
		};
/* End XCConfigurationList section */
	};
	rootObject = D674910A1D2C683D00D9255A /* Project object */;
}
